
Microsoft Visual Studio Solution File, Format Version 12.00
# Visual Studio 15
VisualStudioVersion = 15.0.28307.572
MinimumVisualStudioVersion = 10.0.40219.1
Project("{FAE04EC0-301F-11D3-BF4B-00C04F79EFBC}") = "ConsoleСМО", "ConsoleСМО\ConsoleСМО.csproj", "{DB1A8255-6C67-418B-AD76-D7727CEF8348}"
EndProject
Global
	GlobalSection(SolutionConfigurationPlatforms) = preSolution
		Debug|Any CPU = Debug|Any CPU
		Release|Any CPU = Release|Any CPU
	EndGlobalSection
	GlobalSection(ProjectConfigurationPlatforms) = postSolution
		{DB1A8255-6C67-418B-AD76-D7727CEF8348}.Debug|Any CPU.ActiveCfg = Debug|Any CPU
		{DB1A8255-6C67-418B-AD76-D7727CEF8348}.Debug|Any CPU.Build.0 = Debug|Any CPU
		{DB1A8255-6C67-418B-AD76-D7727CEF8348}.Release|Any CPU.ActiveCfg = Release|Any CPU
		{DB1A8255-6C67-418B-AD76-D7727CEF8348}.Release|Any CPU.Build.0 = Release|Any CPU
	EndGlobalSection
	GlobalSection(SolutionProperties) = preSolution
		HideSolutionNode = FALSE
	EndGlobalSection
	GlobalSection(ExtensibilityGlobals) = postSolution
		SolutionGuid = {772A034C-071E-4B18-9B28-BE072159BC2E}
	EndGlobalSection
EndGlobal
